
Microsoft Visual Studio Solution File, Format Version 12.00
# Visual Studio Version 17
VisualStudioVersion = 17.4.33110.190
MinimumVisualStudioVersion = 10.0.40219.1
Project("{FAE04EC0-301F-11D3-BF4B-00C04F79EFBC}") = "EvidentaMembriConsola", "EvidentaMembriConsola.csproj", "{FB23AD4B-5C6E-4604-9AB6-FD547985A126}"
EndProject
Project("{FAE04EC0-301F-11D3-BF4B-00C04F79EFBC}") = "LibrarieModele", "..\LibrarieModele\LibrarieModele.csproj", "{C2E6E951-3CAF-45EE-83DB-5F502F7AE554}"
EndProject
Project("{FAE04EC0-301F-11D3-BF4B-00C04F79EFBC}") = "NivelStocareDate", "..\NivelStocareDate\NivelStocareDate.csproj", "{4FEBEC10-182F-44CE-A8F1-045FCB728100}"
EndProject
Global
	GlobalSection(SolutionConfigurationPlatforms) = preSolution
		Debug|Any CPU = Debug|Any CPU
		Release|Any CPU = Release|Any CPU
	EndGlobalSection
	GlobalSection(ProjectConfigurationPlatforms) = postSolution
		{FB23AD4B-5C6E-4604-9AB6-FD547985A126}.Debug|Any CPU.ActiveCfg = Debug|Any CPU
		{FB23AD4B-5C6E-4604-9AB6-FD547985A126}.Debug|Any CPU.Build.0 = Debug|Any CPU
		{FB23AD4B-5C6E-4604-9AB6-FD547985A126}.Release|Any CPU.ActiveCfg = Release|Any CPU
		{FB23AD4B-5C6E-4604-9AB6-FD547985A126}.Release|Any CPU.Build.0 = Release|Any CPU
		{C2E6E951-3CAF-45EE-83DB-5F502F7AE554}.Debug|Any CPU.ActiveCfg = Debug|Any CPU
		{C2E6E951-3CAF-45EE-83DB-5F502F7AE554}.Debug|Any CPU.Build.0 = Debug|Any CPU
		{C2E6E951-3CAF-45EE-83DB-5F502F7AE554}.Release|Any CPU.ActiveCfg = Release|Any CPU
		{C2E6E951-3CAF-45EE-83DB-5F502F7AE554}.Release|Any CPU.Build.0 = Release|Any CPU
		{4FEBEC10-182F-44CE-A8F1-045FCB728100}.Debug|Any CPU.ActiveCfg = Debug|Any CPU
		{4FEBEC10-182F-44CE-A8F1-045FCB728100}.Debug|Any CPU.Build.0 = Debug|Any CPU
		{4FEBEC10-182F-44CE-A8F1-045FCB728100}.Release|Any CPU.ActiveCfg = Release|Any CPU
		{4FEBEC10-182F-44CE-A8F1-045FCB728100}.Release|Any CPU.Build.0 = Release|Any CPU
	EndGlobalSection
	GlobalSection(SolutionProperties) = preSolution
		HideSolutionNode = FALSE
	EndGlobalSection
	GlobalSection(ExtensibilityGlobals) = postSolution
		SolutionGuid = {A6F07CAA-5B6C-4F6E-BC5A-B68F9F5A5F0F}
	EndGlobalSection
EndGlobal
